// !$*UTF8*$!
{
	archiveVersion = 1;
	classes = {
	};
	objectVersion = 52;
	objects = {

/* Begin PBXBuildFile section */
		C61566C4247DFB4D00D6DFEC /* RxSwift in Frameworks */ = {isa = PBXBuildFile; productRef = C61566C3247DFB4D00D6DFEC /* RxSwift */; };
		C61566C6247DFB4D00D6DFEC /* RxRelay in Frameworks */ = {isa = PBXBuildFile; productRef = C61566C5247DFB4D00D6DFEC /* RxRelay */; };
		C61566C8247DFB4D00D6DFEC /* RxCocoa in Frameworks */ = {isa = PBXBuildFile; productRef = C61566C7247DFB4D00D6DFEC /* RxCocoa */; };
		C61566CA247DFB4D00D6DFEC /* RxBlocking in Frameworks */ = {isa = PBXBuildFile; productRef = C61566C9247DFB4D00D6DFEC /* RxBlocking */; };
		C61566CE247E056700D6DFEC /* Intro.storyboard in Resources */ = {isa = PBXBuildFile; fileRef = C61566CD247E056700D6DFEC /* Intro.storyboard */; };
		C61566D1247E05CF00D6DFEC /* AppLabel.swift in Sources */ = {isa = PBXBuildFile; fileRef = C61566D0247E05CF00D6DFEC /* AppLabel.swift */; };
		C61566D4247E066D00D6DFEC /* Localizable.strings in Resources */ = {isa = PBXBuildFile; fileRef = C61566D6247E066D00D6DFEC /* Localizable.strings */; };
		C62365E2247D6AD00015F20D /* AppDelegate.swift in Sources */ = {isa = PBXBuildFile; fileRef = C62365E1247D6AD00015F20D /* AppDelegate.swift */; };
		C62365E4247D6AD00015F20D /* SceneDelegate.swift in Sources */ = {isa = PBXBuildFile; fileRef = C62365E3247D6AD00015F20D /* SceneDelegate.swift */; };
		C62365E6247D6AD00015F20D /* SplashViewController.swift in Sources */ = {isa = PBXBuildFile; fileRef = C62365E5247D6AD00015F20D /* SplashViewController.swift */; };
		C62365E9247D6AD00015F20D /* Main.storyboard in Resources */ = {isa = PBXBuildFile; fileRef = C62365E7247D6AD00015F20D /* Main.storyboard */; };
		C62365EB247D6AD20015F20D /* Assets.xcassets in Resources */ = {isa = PBXBuildFile; fileRef = C62365EA247D6AD20015F20D /* Assets.xcassets */; };
		C62365EE247D6AD20015F20D /* LaunchScreen.storyboard in Resources */ = {isa = PBXBuildFile; fileRef = C62365EC247D6AD20015F20D /* LaunchScreen.storyboard */; };
		C6236601247D6E490015F20D /* Constants.swift in Sources */ = {isa = PBXBuildFile; fileRef = C6236600247D6E490015F20D /* Constants.swift */; };
		C6236603247D6EB10015F20D /* Keys.swift in Sources */ = {isa = PBXBuildFile; fileRef = C6236602247D6EB10015F20D /* Keys.swift */; };
		C6236605247D6FBE0015F20D /* Theme.swift in Sources */ = {isa = PBXBuildFile; fileRef = C6236604247D6FBE0015F20D /* Theme.swift */; };
		C6236607247D70610015F20D /* Obfuscator.swift in Sources */ = {isa = PBXBuildFile; fileRef = C6236606247D70610015F20D /* Obfuscator.swift */; };
		C6236609247D707D0015F20D /* AppAnimation.swift in Sources */ = {isa = PBXBuildFile; fileRef = C6236608247D707D0015F20D /* AppAnimation.swift */; };
		C6236610247D71C70015F20D /* UIView+Animation.swift in Sources */ = {isa = PBXBuildFile; fileRef = C623660F247D71C70015F20D /* UIView+Animation.swift */; };
		C6236612247D71E80015F20D /* UIView+Helpers.swift in Sources */ = {isa = PBXBuildFile; fileRef = C6236611247D71E80015F20D /* UIView+Helpers.swift */; };
		C6236614247D720F0015F20D /* Storyboard+ViewControllerCreation.swift in Sources */ = {isa = PBXBuildFile; fileRef = C6236613247D720F0015F20D /* Storyboard+ViewControllerCreation.swift */; };
		C6236617247D72480015F20D /* UIViewController+Root.swift in Sources */ = {isa = PBXBuildFile; fileRef = C6236616247D72480015F20D /* UIViewController+Root.swift */; };
		C62CBDBC247D746800C86B00 /* roboto_bold.ttf in Resources */ = {isa = PBXBuildFile; fileRef = C62CBDB8247D746800C86B00 /* roboto_bold.ttf */; };
		C62CBDBD247D746800C86B00 /* roboto_medium.ttf in Resources */ = {isa = PBXBuildFile; fileRef = C62CBDB9247D746800C86B00 /* roboto_medium.ttf */; };
		C62CBDBE247D746800C86B00 /* roboto_light.ttf in Resources */ = {isa = PBXBuildFile; fileRef = C62CBDBA247D746800C86B00 /* roboto_light.ttf */; };
		C62CBDC0247D747200C86B00 /* Colors.xcassets in Resources */ = {isa = PBXBuildFile; fileRef = C62CBDBF247D747200C86B00 /* Colors.xcassets */; };
		C62CBDD0247D76A300C86B00 /* EndPoint.swift in Sources */ = {isa = PBXBuildFile; fileRef = C62CBDCF247D76A300C86B00 /* EndPoint.swift */; };
		C62CBDD2247D76BD00C86B00 /* FetcherType.swift in Sources */ = {isa = PBXBuildFile; fileRef = C62CBDD1247D76BD00C86B00 /* FetcherType.swift */; };
		C62CBDD4247D773000C86B00 /* NetworkingType.swift in Sources */ = {isa = PBXBuildFile; fileRef = C62CBDD3247D773000C86B00 /* NetworkingType.swift */; };
		C62CBDD6247D776300C86B00 /* ServicesType.swift in Sources */ = {isa = PBXBuildFile; fileRef = C62CBDD5247D776300C86B00 /* ServicesType.swift */; };
		C62CBDD8247D77D600C86B00 /* HTTPMethod.swift in Sources */ = {isa = PBXBuildFile; fileRef = C62CBDD7247D77D600C86B00 /* HTTPMethod.swift */; };
		C62CBDDA247D77EE00C86B00 /* Fetcher.swift in Sources */ = {isa = PBXBuildFile; fileRef = C62CBDD9247D77EE00C86B00 /* Fetcher.swift */; };
		C62CBDDC247D780C00C86B00 /* HttpClient.swift in Sources */ = {isa = PBXBuildFile; fileRef = C62CBDDB247D780C00C86B00 /* HttpClient.swift */; };
		C6540C5E247E1F34007B6621 /* pacifico_regular.ttf in Resources */ = {isa = PBXBuildFile; fileRef = C6540C5D247E1F34007B6621 /* pacifico_regular.ttf */; };
		C6540C60247E2074007B6621 /* GradientView.swift in Sources */ = {isa = PBXBuildFile; fileRef = C6540C5F247E2074007B6621 /* GradientView.swift */; };
		C6540C62247E338F007B6621 /* TimeView.swift in Sources */ = {isa = PBXBuildFile; fileRef = C6540C61247E338F007B6621 /* TimeView.swift */; };
		C6540C64247E34FF007B6621 /* MovingView.swift in Sources */ = {isa = PBXBuildFile; fileRef = C6540C63247E34FF007B6621 /* MovingView.swift */; };
		C6540C66247E3575007B6621 /* UIImage+Helpers.swift in Sources */ = {isa = PBXBuildFile; fileRef = C6540C65247E3575007B6621 /* UIImage+Helpers.swift */; };
		C6540C68247E3608007B6621 /* AppImages.swift in Sources */ = {isa = PBXBuildFile; fileRef = C6540C67247E3608007B6621 /* AppImages.swift */; };
		C658AAAC247E646D00E41DE7 /* AppInput.swift in Sources */ = {isa = PBXBuildFile; fileRef = C658AAAB247E646D00E41DE7 /* AppInput.swift */; };
		C658AAAE247E6E6D00E41DE7 /* WeatherConditions.swift in Sources */ = {isa = PBXBuildFile; fileRef = C658AAAD247E6E6D00E41DE7 /* WeatherConditions.swift */; };
		C658AAB0247E780000E41DE7 /* CitiesView.swift in Sources */ = {isa = PBXBuildFile; fileRef = C658AAAF247E780000E41DE7 /* CitiesView.swift */; };
		C658AAB3247E7BD900E41DE7 /* CityView.swift in Sources */ = {isa = PBXBuildFile; fileRef = C658AAB2247E7BD900E41DE7 /* CityView.swift */; };
		C67974EA247EB443007E6F9E /* CityWeather.swift in Sources */ = {isa = PBXBuildFile; fileRef = C67974E9247EB443007E6F9E /* CityWeather.swift */; };
		C67974EC247EB4C2007E6F9E /* Wind.swift in Sources */ = {isa = PBXBuildFile; fileRef = C67974EB247EB4C2007E6F9E /* Wind.swift */; };
		C67974EE247EB517007E6F9E /* Temp.swift in Sources */ = {isa = PBXBuildFile; fileRef = C67974ED247EB517007E6F9E /* Temp.swift */; };
		C67974F0247EB725007E6F9E /* Weather.swift in Sources */ = {isa = PBXBuildFile; fileRef = C67974EF247EB725007E6F9E /* Weather.swift */; };
		C67974F2247EB79F007E6F9E /* CityWeatherViewModel.swift in Sources */ = {isa = PBXBuildFile; fileRef = C67974F1247EB79F007E6F9E /* CityWeatherViewModel.swift */; };
		C67974F4247ED292007E6F9E /* WeatherEndPoints.swift in Sources */ = {isa = PBXBuildFile; fileRef = C67974F3247ED292007E6F9E /* WeatherEndPoints.swift */; };
		C67974F6247ED525007E6F9E /* WeatherServices.swift in Sources */ = {isa = PBXBuildFile; fileRef = C67974F5247ED525007E6F9E /* WeatherServices.swift */; };
		C67974F9247ED668007E6F9E /* ViewModelType.swift in Sources */ = {isa = PBXBuildFile; fileRef = C67974F8247ED668007E6F9E /* ViewModelType.swift */; };
		C67974FB247ED681007E6F9E /* ErrorEmitable.swift in Sources */ = {isa = PBXBuildFile; fileRef = C67974FA247ED681007E6F9E /* ErrorEmitable.swift */; };
		C67974FD247ED69D007E6F9E /* Loadable.swift in Sources */ = {isa = PBXBuildFile; fileRef = C67974FC247ED69D007E6F9E /* Loadable.swift */; };
		C6797500247ED721007E6F9E /* MainViewModel.swift in Sources */ = {isa = PBXBuildFile; fileRef = C67974FF247ED721007E6F9E /* MainViewModel.swift */; };
		C696351124802A5A00535AFF /* Date+Helpers.swift in Sources */ = {isa = PBXBuildFile; fileRef = C696351024802A5A00535AFF /* Date+Helpers.swift */; };
		C6D84F41247F643E00177C5A /* UIScrollView+Helpers.swift in Sources */ = {isa = PBXBuildFile; fileRef = C6D84F40247F643E00177C5A /* UIScrollView+Helpers.swift */; };
		C6D84F43247F6CF000177C5A /* String+Helpers.swift in Sources */ = {isa = PBXBuildFile; fileRef = C6D84F42247F6CF000177C5A /* String+Helpers.swift */; };
		C6D84F45247F6E5100177C5A /* WeatherDetailsCard.swift in Sources */ = {isa = PBXBuildFile; fileRef = C6D84F44247F6E5100177C5A /* WeatherDetailsCard.swift */; };
		C6D84F47247FBFAF00177C5A /* ObservableType+Helpers.swift in Sources */ = {isa = PBXBuildFile; fileRef = C6D84F46247FBFAF00177C5A /* ObservableType+Helpers.swift */; };
		C6D84F4A247FC6CD00177C5A /* CurrentCityWeatherViewController.swift in Sources */ = {isa = PBXBuildFile; fileRef = C6D84F49247FC6CD00177C5A /* CurrentCityWeatherViewController.swift */; };
		C6D84F4C247FC6D900177C5A /* CurrentCityWeatherViewModel.swift in Sources */ = {isa = PBXBuildFile; fileRef = C6D84F4B247FC6D900177C5A /* CurrentCityWeatherViewModel.swift */; };
		C6D84F4F247FC90F00177C5A /* LocationProvider.swift in Sources */ = {isa = PBXBuildFile; fileRef = C6D84F4E247FC90F00177C5A /* LocationProvider.swift */; };
		C6D84F51247FC92000177C5A /* LocationHelper.swift in Sources */ = {isa = PBXBuildFile; fileRef = C6D84F50247FC92000177C5A /* LocationHelper.swift */; };
		C6D84F54247FC9AD00177C5A /* RxCoreLocation in Frameworks */ = {isa = PBXBuildFile; productRef = C6D84F53247FC9AD00177C5A /* RxCoreLocation */; };
		C6D84F56247FCA9900177C5A /* Address.swift in Sources */ = {isa = PBXBuildFile; fileRef = C6D84F55247FCA9900177C5A /* Address.swift */; };
		C6D84F5C247FF77B00177C5A /* DayWeatherTableViewCell.swift in Sources */ = {isa = PBXBuildFile; fileRef = C6D84F5A247FF77B00177C5A /* DayWeatherTableViewCell.swift */; };
		C6D84F5D247FF77B00177C5A /* DayWeatherTableViewCell.xib in Resources */ = {isa = PBXBuildFile; fileRef = C6D84F5B247FF77B00177C5A /* DayWeatherTableViewCell.xib */; };
		C6D84F5F247FF9A100177C5A /* UICollectionView+Helpers.swift in Sources */ = {isa = PBXBuildFile; fileRef = C6D84F5E247FF9A100177C5A /* UICollectionView+Helpers.swift */; };
		C6D84F61247FF9C400177C5A /* UITableView+Helpers.swift in Sources */ = {isa = PBXBuildFile; fileRef = C6D84F60247FF9C400177C5A /* UITableView+Helpers.swift */; };
		C6D84F65247FFE4100177C5A /* HourWeatherCollectionViewCell.swift in Sources */ = {isa = PBXBuildFile; fileRef = C6D84F63247FFE4100177C5A /* HourWeatherCollectionViewCell.swift */; };
		C6D84F66247FFE4100177C5A /* HourWeatherCollectionViewCell.xib in Resources */ = {isa = PBXBuildFile; fileRef = C6D84F64247FFE4100177C5A /* HourWeatherCollectionViewCell.xib */; };
		C6FE8F2D247E44E90070C09E /* MainViewController.swift in Sources */ = {isa = PBXBuildFile; fileRef = C6FE8F2C247E44E90070C09E /* MainViewController.swift */; };
		C6FE8F2F247E486F0070C09E /* Time.swift in Sources */ = {isa = PBXBuildFile; fileRef = C6FE8F2E247E486F0070C09E /* Time.swift */; };
/* End PBXBuildFile section */

/* Begin PBXFileReference section */
		C61566CD247E056700D6DFEC /* Intro.storyboard */ = {isa = PBXFileReference; lastKnownFileType = file.storyboard; path = Intro.storyboard; sourceTree = "<group>"; };
		C61566D0247E05CF00D6DFEC /* AppLabel.swift */ = {isa = PBXFileReference; lastKnownFileType = sourcecode.swift; path = AppLabel.swift; sourceTree = "<group>"; };
		C61566D5247E066D00D6DFEC /* en */ = {isa = PBXFileReference; lastKnownFileType = text.plist.strings; name = en; path = en.lproj/Localizable.strings; sourceTree = "<group>"; };
		C62365DE247D6AD00015F20D /* WeatherApp.app */ = {isa = PBXFileReference; explicitFileType = wrapper.application; includeInIndex = 0; path = WeatherApp.app; sourceTree = BUILT_PRODUCTS_DIR; };
		C62365E1247D6AD00015F20D /* AppDelegate.swift */ = {isa = PBXFileReference; lastKnownFileType = sourcecode.swift; path = AppDelegate.swift; sourceTree = "<group>"; };
		C62365E3247D6AD00015F20D /* SceneDelegate.swift */ = {isa = PBXFileReference; lastKnownFileType = sourcecode.swift; path = SceneDelegate.swift; sourceTree = "<group>"; };
		C62365E5247D6AD00015F20D /* SplashViewController.swift */ = {isa = PBXFileReference; lastKnownFileType = sourcecode.swift; path = SplashViewController.swift; sourceTree = "<group>"; };
		C62365E8247D6AD00015F20D /* Base */ = {isa = PBXFileReference; lastKnownFileType = file.storyboard; name = Base; path = Base.lproj/Main.storyboard; sourceTree = "<group>"; };
		C62365EA247D6AD20015F20D /* Assets.xcassets */ = {isa = PBXFileReference; lastKnownFileType = folder.assetcatalog; path = Assets.xcassets; sourceTree = "<group>"; };
		C62365ED247D6AD20015F20D /* Base */ = {isa = PBXFileReference; lastKnownFileType = file.storyboard; name = Base; path = Base.lproj/LaunchScreen.storyboard; sourceTree = "<group>"; };
		C62365EF247D6AD20015F20D /* Info.plist */ = {isa = PBXFileReference; lastKnownFileType = text.plist.xml; path = Info.plist; sourceTree = "<group>"; };
		C6236600247D6E490015F20D /* Constants.swift */ = {isa = PBXFileReference; lastKnownFileType = sourcecode.swift; path = Constants.swift; sourceTree = "<group>"; };
		C6236602247D6EB10015F20D /* Keys.swift */ = {isa = PBXFileReference; lastKnownFileType = sourcecode.swift; path = Keys.swift; sourceTree = "<group>"; };
		C6236604247D6FBE0015F20D /* Theme.swift */ = {isa = PBXFileReference; lastKnownFileType = sourcecode.swift; path = Theme.swift; sourceTree = "<group>"; };
		C6236606247D70610015F20D /* Obfuscator.swift */ = {isa = PBXFileReference; lastKnownFileType = sourcecode.swift; path = Obfuscator.swift; sourceTree = "<group>"; };
		C6236608247D707D0015F20D /* AppAnimation.swift */ = {isa = PBXFileReference; lastKnownFileType = sourcecode.swift; path = AppAnimation.swift; sourceTree = "<group>"; };
		C623660F247D71C70015F20D /* UIView+Animation.swift */ = {isa = PBXFileReference; lastKnownFileType = sourcecode.swift; path = "UIView+Animation.swift"; sourceTree = "<group>"; };
		C6236611247D71E80015F20D /* UIView+Helpers.swift */ = {isa = PBXFileReference; lastKnownFileType = sourcecode.swift; path = "UIView+Helpers.swift"; sourceTree = "<group>"; };
		C6236613247D720F0015F20D /* Storyboard+ViewControllerCreation.swift */ = {isa = PBXFileReference; lastKnownFileType = sourcecode.swift; path = "Storyboard+ViewControllerCreation.swift"; sourceTree = "<group>"; };
		C6236616247D72480015F20D /* UIViewController+Root.swift */ = {isa = PBXFileReference; lastKnownFileType = sourcecode.swift; path = "UIViewController+Root.swift"; sourceTree = "<group>"; };
		C62CBDB8247D746800C86B00 /* roboto_bold.ttf */ = {isa = PBXFileReference; lastKnownFileType = file; path = roboto_bold.ttf; sourceTree = "<group>"; };
		C62CBDB9247D746800C86B00 /* roboto_medium.ttf */ = {isa = PBXFileReference; lastKnownFileType = file; path = roboto_medium.ttf; sourceTree = "<group>"; };
		C62CBDBA247D746800C86B00 /* roboto_light.ttf */ = {isa = PBXFileReference; lastKnownFileType = file; path = roboto_light.ttf; sourceTree = "<group>"; };
		C62CBDBF247D747200C86B00 /* Colors.xcassets */ = {isa = PBXFileReference; lastKnownFileType = folder.assetcatalog; path = Colors.xcassets; sourceTree = "<group>"; };
		C62CBDCF247D76A300C86B00 /* EndPoint.swift */ = {isa = PBXFileReference; lastKnownFileType = sourcecode.swift; path = EndPoint.swift; sourceTree = "<group>"; };
		C62CBDD1247D76BD00C86B00 /* FetcherType.swift */ = {isa = PBXFileReference; lastKnownFileType = sourcecode.swift; path = FetcherType.swift; sourceTree = "<group>"; };
		C62CBDD3247D773000C86B00 /* NetworkingType.swift */ = {isa = PBXFileReference; lastKnownFileType = sourcecode.swift; path = NetworkingType.swift; sourceTree = "<group>"; };
		C62CBDD5247D776300C86B00 /* ServicesType.swift */ = {isa = PBXFileReference; lastKnownFileType = sourcecode.swift; path = ServicesType.swift; sourceTree = "<group>"; };
		C62CBDD7247D77D600C86B00 /* HTTPMethod.swift */ = {isa = PBXFileReference; lastKnownFileType = sourcecode.swift; path = HTTPMethod.swift; sourceTree = "<group>"; };
		C62CBDD9247D77EE00C86B00 /* Fetcher.swift */ = {isa = PBXFileReference; lastKnownFileType = sourcecode.swift; path = Fetcher.swift; sourceTree = "<group>"; };
		C62CBDDB247D780C00C86B00 /* HttpClient.swift */ = {isa = PBXFileReference; lastKnownFileType = sourcecode.swift; path = HttpClient.swift; sourceTree = "<group>"; };
		C6540C5D247E1F34007B6621 /* pacifico_regular.ttf */ = {isa = PBXFileReference; lastKnownFileType = file; path = pacifico_regular.ttf; sourceTree = "<group>"; };
		C6540C5F247E2074007B6621 /* GradientView.swift */ = {isa = PBXFileReference; lastKnownFileType = sourcecode.swift; path = GradientView.swift; sourceTree = "<group>"; };
		C6540C61247E338F007B6621 /* TimeView.swift */ = {isa = PBXFileReference; lastKnownFileType = sourcecode.swift; path = TimeView.swift; sourceTree = "<group>"; };
		C6540C63247E34FF007B6621 /* MovingView.swift */ = {isa = PBXFileReference; lastKnownFileType = sourcecode.swift; path = MovingView.swift; sourceTree = "<group>"; };
		C6540C65247E3575007B6621 /* UIImage+Helpers.swift */ = {isa = PBXFileReference; lastKnownFileType = sourcecode.swift; path = "UIImage+Helpers.swift"; sourceTree = "<group>"; };
		C6540C67247E3608007B6621 /* AppImages.swift */ = {isa = PBXFileReference; lastKnownFileType = sourcecode.swift; path = AppImages.swift; sourceTree = "<group>"; };
		C658AAAB247E646D00E41DE7 /* AppInput.swift */ = {isa = PBXFileReference; lastKnownFileType = sourcecode.swift; path = AppInput.swift; sourceTree = "<group>"; };
		C658AAAD247E6E6D00E41DE7 /* WeatherConditions.swift */ = {isa = PBXFileReference; lastKnownFileType = sourcecode.swift; path = WeatherConditions.swift; sourceTree = "<group>"; };
		C658AAAF247E780000E41DE7 /* CitiesView.swift */ = {isa = PBXFileReference; lastKnownFileType = sourcecode.swift; path = CitiesView.swift; sourceTree = "<group>"; };
		C658AAB2247E7BD900E41DE7 /* CityView.swift */ = {isa = PBXFileReference; lastKnownFileType = sourcecode.swift; path = CityView.swift; sourceTree = "<group>"; };
		C67974E9247EB443007E6F9E /* CityWeather.swift */ = {isa = PBXFileReference; lastKnownFileType = sourcecode.swift; path = CityWeather.swift; sourceTree = "<group>"; };
		C67974EB247EB4C2007E6F9E /* Wind.swift */ = {isa = PBXFileReference; lastKnownFileType = sourcecode.swift; path = Wind.swift; sourceTree = "<group>"; };
		C67974ED247EB517007E6F9E /* Temp.swift */ = {isa = PBXFileReference; lastKnownFileType = sourcecode.swift; path = Temp.swift; sourceTree = "<group>"; };
		C67974EF247EB725007E6F9E /* Weather.swift */ = {isa = PBXFileReference; lastKnownFileType = sourcecode.swift; path = Weather.swift; sourceTree = "<group>"; };
		C67974F1247EB79F007E6F9E /* CityWeatherViewModel.swift */ = {isa = PBXFileReference; lastKnownFileType = sourcecode.swift; path = CityWeatherViewModel.swift; sourceTree = "<group>"; };
		C67974F3247ED292007E6F9E /* WeatherEndPoints.swift */ = {isa = PBXFileReference; lastKnownFileType = sourcecode.swift; path = WeatherEndPoints.swift; sourceTree = "<group>"; };
		C67974F5247ED525007E6F9E /* WeatherServices.swift */ = {isa = PBXFileReference; lastKnownFileType = sourcecode.swift; path = WeatherServices.swift; sourceTree = "<group>"; };
		C67974F8247ED668007E6F9E /* ViewModelType.swift */ = {isa = PBXFileReference; lastKnownFileType = sourcecode.swift; path = ViewModelType.swift; sourceTree = "<group>"; };
		C67974FA247ED681007E6F9E /* ErrorEmitable.swift */ = {isa = PBXFileReference; lastKnownFileType = sourcecode.swift; path = ErrorEmitable.swift; sourceTree = "<group>"; };
		C67974FC247ED69D007E6F9E /* Loadable.swift */ = {isa = PBXFileReference; lastKnownFileType = sourcecode.swift; path = Loadable.swift; sourceTree = "<group>"; };
		C67974FF247ED721007E6F9E /* MainViewModel.swift */ = {isa = PBXFileReference; lastKnownFileType = sourcecode.swift; path = MainViewModel.swift; sourceTree = "<group>"; };
		C696351024802A5A00535AFF /* Date+Helpers.swift */ = {isa = PBXFileReference; lastKnownFileType = sourcecode.swift; path = "Date+Helpers.swift"; sourceTree = "<group>"; };
		C6D84F40247F643E00177C5A /* UIScrollView+Helpers.swift */ = {isa = PBXFileReference; lastKnownFileType = sourcecode.swift; path = "UIScrollView+Helpers.swift"; sourceTree = "<group>"; };
		C6D84F42247F6CF000177C5A /* String+Helpers.swift */ = {isa = PBXFileReference; lastKnownFileType = sourcecode.swift; path = "String+Helpers.swift"; sourceTree = "<group>"; };
		C6D84F44247F6E5100177C5A /* WeatherDetailsCard.swift */ = {isa = PBXFileReference; lastKnownFileType = sourcecode.swift; path = WeatherDetailsCard.swift; sourceTree = "<group>"; };
		C6D84F46247FBFAF00177C5A /* ObservableType+Helpers.swift */ = {isa = PBXFileReference; lastKnownFileType = sourcecode.swift; path = "ObservableType+Helpers.swift"; sourceTree = "<group>"; };
		C6D84F49247FC6CD00177C5A /* CurrentCityWeatherViewController.swift */ = {isa = PBXFileReference; lastKnownFileType = sourcecode.swift; path = CurrentCityWeatherViewController.swift; sourceTree = "<group>"; };
		C6D84F4B247FC6D900177C5A /* CurrentCityWeatherViewModel.swift */ = {isa = PBXFileReference; lastKnownFileType = sourcecode.swift; path = CurrentCityWeatherViewModel.swift; sourceTree = "<group>"; };
		C6D84F4E247FC90F00177C5A /* LocationProvider.swift */ = {isa = PBXFileReference; lastKnownFileType = sourcecode.swift; path = LocationProvider.swift; sourceTree = "<group>"; };
		C6D84F50247FC92000177C5A /* LocationHelper.swift */ = {isa = PBXFileReference; lastKnownFileType = sourcecode.swift; path = LocationHelper.swift; sourceTree = "<group>"; };
		C6D84F55247FCA9900177C5A /* Address.swift */ = {isa = PBXFileReference; lastKnownFileType = sourcecode.swift; path = Address.swift; sourceTree = "<group>"; };
		C6D84F5A247FF77B00177C5A /* DayWeatherTableViewCell.swift */ = {isa = PBXFileReference; lastKnownFileType = sourcecode.swift; path = DayWeatherTableViewCell.swift; sourceTree = "<group>"; };
		C6D84F5B247FF77B00177C5A /* DayWeatherTableViewCell.xib */ = {isa = PBXFileReference; lastKnownFileType = file.xib; path = DayWeatherTableViewCell.xib; sourceTree = "<group>"; };
		C6D84F5E247FF9A100177C5A /* UICollectionView+Helpers.swift */ = {isa = PBXFileReference; lastKnownFileType = sourcecode.swift; path = "UICollectionView+Helpers.swift"; sourceTree = "<group>"; };
		C6D84F60247FF9C400177C5A /* UITableView+Helpers.swift */ = {isa = PBXFileReference; lastKnownFileType = sourcecode.swift; path = "UITableView+Helpers.swift"; sourceTree = "<group>"; };
		C6D84F63247FFE4100177C5A /* HourWeatherCollectionViewCell.swift */ = {isa = PBXFileReference; lastKnownFileType = sourcecode.swift; path = HourWeatherCollectionViewCell.swift; sourceTree = "<group>"; };
		C6D84F64247FFE4100177C5A /* HourWeatherCollectionViewCell.xib */ = {isa = PBXFileReference; lastKnownFileType = file.xib; path = HourWeatherCollectionViewCell.xib; sourceTree = "<group>"; };
		C6FE8F2C247E44E90070C09E /* MainViewController.swift */ = {isa = PBXFileReference; lastKnownFileType = sourcecode.swift; path = MainViewController.swift; sourceTree = "<group>"; };
		C6FE8F2E247E486F0070C09E /* Time.swift */ = {isa = PBXFileReference; lastKnownFileType = sourcecode.swift; path = Time.swift; sourceTree = "<group>"; };
/* End PBXFileReference section */

/* Begin PBXFrameworksBuildPhase section */
		C62365DB247D6AD00015F20D /* Frameworks */ = {
			isa = PBXFrameworksBuildPhase;
			buildActionMask = 2147483647;
			files = (
				C61566C8247DFB4D00D6DFEC /* RxCocoa in Frameworks */,
				C61566CA247DFB4D00D6DFEC /* RxBlocking in Frameworks */,
				C6D84F54247FC9AD00177C5A /* RxCoreLocation in Frameworks */,
				C61566C6247DFB4D00D6DFEC /* RxRelay in Frameworks */,
				C61566C4247DFB4D00D6DFEC /* RxSwift in Frameworks */,
			);
			runOnlyForDeploymentPostprocessing = 0;
		};
/* End PBXFrameworksBuildPhase section */

/* Begin PBXGroup section */
		C61566CB247E049C00D6DFEC /* Intro */ = {
			isa = PBXGroup;
			children = (
				C62365E5247D6AD00015F20D /* SplashViewController.swift */,
			);
			path = Intro;
			sourceTree = "<group>";
		};
		C61566CC247E04A400D6DFEC /* Main */ = {
			isa = PBXGroup;
			children = (
				C6D84F48247FC69800177C5A /* CurrentCityWeatherViewController */,
				C67974FE247ED714007E6F9E /* MainViewController */,
			);
			path = Main;
			sourceTree = "<group>";
		};
		C61566CF247E05BD00D6DFEC /* Controls */ = {
			isa = PBXGroup;
			children = (
				C61566D0247E05CF00D6DFEC /* AppLabel.swift */,
				C658AAAB247E646D00E41DE7 /* AppInput.swift */,
			);
			path = Controls;
			sourceTree = "<group>";
		};
		C62365D5247D6AD00015F20D = {
			isa = PBXGroup;
			children = (
				C62365E0247D6AD00015F20D /* WeatherApp */,
				C62365DF247D6AD00015F20D /* Products */,
			);
			sourceTree = "<group>";
		};
		C62365DF247D6AD00015F20D /* Products */ = {
			isa = PBXGroup;
			children = (
				C62365DE247D6AD00015F20D /* WeatherApp.app */,
			);
			name = Products;
			sourceTree = "<group>";
		};
		C62365E0247D6AD00015F20D /* WeatherApp */ = {
			isa = PBXGroup;
			children = (
				C62365F5247D6BC80015F20D /* AppDelegate */,
				C62365FD247D6C9A0015F20D /* ViewControllers */,
				C62365FB247D6C5A0015F20D /* ViewModels */,
				C62365F7247D6BE90015F20D /* Models */,
				C62365FC247D6C630015F20D /* Views */,
				C62365F8247D6BF10015F20D /* Networking */,
				C62365F6247D6BE00015F20D /* Helpers */,
				C62365F9247D6BF90015F20D /* Resources */,
				C62365FA247D6C030015F20D /* SupportFiles */,
			);
			path = WeatherApp;
			sourceTree = "<group>";
		};
		C62365F5247D6BC80015F20D /* AppDelegate */ = {
			isa = PBXGroup;
			children = (
				C62365E1247D6AD00015F20D /* AppDelegate.swift */,
				C62365E3247D6AD00015F20D /* SceneDelegate.swift */,
			);
			path = AppDelegate;
			sourceTree = "<group>";
		};
		C62365F6247D6BE00015F20D /* Helpers */ = {
			isa = PBXGroup;
			children = (
				C6D84F4D247FC90200177C5A /* Location */,
				C623660B247D70C10015F20D /* DependencyInjection */,
				C623660A247D70AA0015F20D /* Extensions */,
				C62365FF247D6E3B0015F20D /* Constants */,
				C6236606247D70610015F20D /* Obfuscator.swift */,
				C6236608247D707D0015F20D /* AppAnimation.swift */,
				C6FE8F2E247E486F0070C09E /* Time.swift */,
				C658AAAD247E6E6D00E41DE7 /* WeatherConditions.swift */,
				C696351024802A5A00535AFF /* Date+Helpers.swift */,
			);
			path = Helpers;
			sourceTree = "<group>";
		};
		C62365F7247D6BE90015F20D /* Models */ = {
			isa = PBXGroup;
			children = (
				C67974E9247EB443007E6F9E /* CityWeather.swift */,
				C67974EB247EB4C2007E6F9E /* Wind.swift */,
				C67974ED247EB517007E6F9E /* Temp.swift */,
				C67974EF247EB725007E6F9E /* Weather.swift */,
				C6D84F55247FCA9900177C5A /* Address.swift */,
			);
			path = Models;
			sourceTree = "<group>";
		};
		C62365F8247D6BF10015F20D /* Networking */ = {
			isa = PBXGroup;
			children = (
				C62CBDCC247D767B00C86B00 /* EndPoints */,
				C62CBDCD247D768600C86B00 /* Protocols */,
				C62CBDCE247D768E00C86B00 /* Services */,
				C62CBDD7247D77D600C86B00 /* HTTPMethod.swift */,
				C62CBDD9247D77EE00C86B00 /* Fetcher.swift */,
				C62CBDDB247D780C00C86B00 /* HttpClient.swift */,
			);
			path = Networking;
			sourceTree = "<group>";
		};
		C62365F9247D6BF90015F20D /* Resources */ = {
			isa = PBXGroup;
			children = (
				C623660D247D70EA0015F20D /* Fonts */,
				C623660C247D70E10015F20D /* Assets */,
			);
			path = Resources;
			sourceTree = "<group>";
		};
		C62365FA247D6C030015F20D /* SupportFiles */ = {
			isa = PBXGroup;
			children = (
				C62365FE247D6DF90015F20D /* Storyboards */,
				C62365EF247D6AD20015F20D /* Info.plist */,
				C61566D6247E066D00D6DFEC /* Localizable.strings */,
			);
			path = SupportFiles;
			sourceTree = "<group>";
		};
		C62365FB247D6C5A0015F20D /* ViewModels */ = {
			isa = PBXGroup;
			children = (
				C67974F7247ED651007E6F9E /* ViewModelType */,
				C67974F1247EB79F007E6F9E /* CityWeatherViewModel.swift */,
			);
			path = ViewModels;
			sourceTree = "<group>";
		};
		C62365FC247D6C630015F20D /* Views */ = {
			isa = PBXGroup;
			children = (
				C658AAB1247E7BB600E41DE7 /* CitiesView */,
				C61566CF247E05BD00D6DFEC /* Controls */,
				C6540C5F247E2074007B6621 /* GradientView.swift */,
				C6540C61247E338F007B6621 /* TimeView.swift */,
				C6540C63247E34FF007B6621 /* MovingView.swift */,
			);
			path = Views;
			sourceTree = "<group>";
		};
		C62365FD247D6C9A0015F20D /* ViewControllers */ = {
			isa = PBXGroup;
			children = (
				C61566CB247E049C00D6DFEC /* Intro */,
				C61566CC247E04A400D6DFEC /* Main */,
			);
			path = ViewControllers;
			sourceTree = "<group>";
		};
		C62365FE247D6DF90015F20D /* Storyboards */ = {
			isa = PBXGroup;
			children = (
				C61566CD247E056700D6DFEC /* Intro.storyboard */,
				C62365E7247D6AD00015F20D /* Main.storyboard */,
				C62365EC247D6AD20015F20D /* LaunchScreen.storyboard */,
			);
			path = Storyboards;
			sourceTree = "<group>";
		};
		C62365FF247D6E3B0015F20D /* Constants */ = {
			isa = PBXGroup;
			children = (
				C6236600247D6E490015F20D /* Constants.swift */,
				C6236602247D6EB10015F20D /* Keys.swift */,
				C6236604247D6FBE0015F20D /* Theme.swift */,
				C6540C67247E3608007B6621 /* AppImages.swift */,
			);
			path = Constants;
			sourceTree = "<group>";
		};
		C623660A247D70AA0015F20D /* Extensions */ = {
			isa = PBXGroup;
			children = (
				C6236615247D72330015F20D /* UIViewController */,
				C623660E247D71B70015F20D /* UIView */,
				C6236613247D720F0015F20D /* Storyboard+ViewControllerCreation.swift */,
				C6540C65247E3575007B6621 /* UIImage+Helpers.swift */,
				C6D84F40247F643E00177C5A /* UIScrollView+Helpers.swift */,
				C6D84F42247F6CF000177C5A /* String+Helpers.swift */,
				C6D84F46247FBFAF00177C5A /* ObservableType+Helpers.swift */,
				C6D84F5E247FF9A100177C5A /* UICollectionView+Helpers.swift */,
				C6D84F60247FF9C400177C5A /* UITableView+Helpers.swift */,
			);
			path = Extensions;
			sourceTree = "<group>";
		};
		C623660B247D70C10015F20D /* DependencyInjection */ = {
			isa = PBXGroup;
			children = (
			);
			path = DependencyInjection;
			sourceTree = "<group>";
		};
		C623660C247D70E10015F20D /* Assets */ = {
			isa = PBXGroup;
			children = (
				C62CBDBF247D747200C86B00 /* Colors.xcassets */,
				C62365EA247D6AD20015F20D /* Assets.xcassets */,
			);
			path = Assets;
			sourceTree = "<group>";
		};
		C623660D247D70EA0015F20D /* Fonts */ = {
			isa = PBXGroup;
			children = (
				C62CBDB8247D746800C86B00 /* roboto_bold.ttf */,
				C6540C5D247E1F34007B6621 /* pacifico_regular.ttf */,
				C62CBDBA247D746800C86B00 /* roboto_light.ttf */,
				C62CBDB9247D746800C86B00 /* roboto_medium.ttf */,
			);
			path = Fonts;
			sourceTree = "<group>";
		};
		C623660E247D71B70015F20D /* UIView */ = {
			isa = PBXGroup;
			children = (
				C623660F247D71C70015F20D /* UIView+Animation.swift */,
				C6236611247D71E80015F20D /* UIView+Helpers.swift */,
			);
			path = UIView;
			sourceTree = "<group>";
		};
		C6236615247D72330015F20D /* UIViewController */ = {
			isa = PBXGroup;
			children = (
				C6236616247D72480015F20D /* UIViewController+Root.swift */,
			);
			path = UIViewController;
			sourceTree = "<group>";
		};
		C62CBDCC247D767B00C86B00 /* EndPoints */ = {
			isa = PBXGroup;
			children = (
				C67974F3247ED292007E6F9E /* WeatherEndPoints.swift */,
			);
			path = EndPoints;
			sourceTree = "<group>";
		};
		C62CBDCD247D768600C86B00 /* Protocols */ = {
			isa = PBXGroup;
			children = (
				C62CBDCF247D76A300C86B00 /* EndPoint.swift */,
				C62CBDD1247D76BD00C86B00 /* FetcherType.swift */,
				C62CBDD3247D773000C86B00 /* NetworkingType.swift */,
				C62CBDD5247D776300C86B00 /* ServicesType.swift */,
			);
			path = Protocols;
			sourceTree = "<group>";
		};
		C62CBDCE247D768E00C86B00 /* Services */ = {
			isa = PBXGroup;
			children = (
				C67974F5247ED525007E6F9E /* WeatherServices.swift */,
			);
			path = Services;
			sourceTree = "<group>";
		};
		C658AAB1247E7BB600E41DE7 /* CitiesView */ = {
			isa = PBXGroup;
			children = (
				C658AAAF247E780000E41DE7 /* CitiesView.swift */,
				C658AAB2247E7BD900E41DE7 /* CityView.swift */,
				C6D84F44247F6E5100177C5A /* WeatherDetailsCard.swift */,
			);
			path = CitiesView;
			sourceTree = "<group>";
		};
		C67974F7247ED651007E6F9E /* ViewModelType */ = {
			isa = PBXGroup;
			children = (
				C67974F8247ED668007E6F9E /* ViewModelType.swift */,
				C67974FA247ED681007E6F9E /* ErrorEmitable.swift */,
				C67974FC247ED69D007E6F9E /* Loadable.swift */,
			);
			path = ViewModelType;
			sourceTree = "<group>";
		};
		C67974FE247ED714007E6F9E /* MainViewController */ = {
			isa = PBXGroup;
			children = (
				C6FE8F2C247E44E90070C09E /* MainViewController.swift */,
				C67974FF247ED721007E6F9E /* MainViewModel.swift */,
			);
			path = MainViewController;
			sourceTree = "<group>";
		};
		C6D84F48247FC69800177C5A /* CurrentCityWeatherViewController */ = {
			isa = PBXGroup;
			children = (
				C6D84F57247FDE4100177C5A /* TableViewCell */,
				C6D84F49247FC6CD00177C5A /* CurrentCityWeatherViewController.swift */,
				C6D84F4B247FC6D900177C5A /* CurrentCityWeatherViewModel.swift */,
			);
			path = CurrentCityWeatherViewController;
			sourceTree = "<group>";
		};
		C6D84F4D247FC90200177C5A /* Location */ = {
			isa = PBXGroup;
			children = (
				C6D84F4E247FC90F00177C5A /* LocationProvider.swift */,
				C6D84F50247FC92000177C5A /* LocationHelper.swift */,
			);
			path = Location;
			sourceTree = "<group>";
		};
		C6D84F57247FDE4100177C5A /* TableViewCell */ = {
			isa = PBXGroup;
			children = (
				C6D84F62247FFE2000177C5A /* CollectionViewCell */,
				C6D84F5A247FF77B00177C5A /* DayWeatherTableViewCell.swift */,
				C6D84F5B247FF77B00177C5A /* DayWeatherTableViewCell.xib */,
			);
			path = TableViewCell;
			sourceTree = "<group>";
		};
		C6D84F62247FFE2000177C5A /* CollectionViewCell */ = {
			isa = PBXGroup;
			children = (
				C6D84F63247FFE4100177C5A /* HourWeatherCollectionViewCell.swift */,
				C6D84F64247FFE4100177C5A /* HourWeatherCollectionViewCell.xib */,
			);
			path = CollectionViewCell;
			sourceTree = "<group>";
		};
/* End PBXGroup section */

/* Begin PBXNativeTarget section */
		C62365DD247D6AD00015F20D /* WeatherApp */ = {
			isa = PBXNativeTarget;
			buildConfigurationList = C62365F2247D6AD20015F20D /* Build configuration list for PBXNativeTarget "WeatherApp" */;
			buildPhases = (
				C62365DA247D6AD00015F20D /* Sources */,
				C62365DB247D6AD00015F20D /* Frameworks */,
				C62365DC247D6AD00015F20D /* Resources */,
			);
			buildRules = (
			);
			dependencies = (
			);
			name = WeatherApp;
			packageProductDependencies = (
				C61566C3247DFB4D00D6DFEC /* RxSwift */,
				C61566C5247DFB4D00D6DFEC /* RxRelay */,
				C61566C7247DFB4D00D6DFEC /* RxCocoa */,
				C61566C9247DFB4D00D6DFEC /* RxBlocking */,
				C6D84F53247FC9AD00177C5A /* RxCoreLocation */,
			);
			productName = WeatherApp;
			productReference = C62365DE247D6AD00015F20D /* WeatherApp.app */;
			productType = "com.apple.product-type.application";
		};
/* End PBXNativeTarget section */

/* Begin PBXProject section */
		C62365D6247D6AD00015F20D /* Project object */ = {
			isa = PBXProject;
			attributes = {
				LastSwiftUpdateCheck = 1140;
				LastUpgradeCheck = 1140;
				ORGANIZATIONNAME = "abedalkareem omreyh";
				TargetAttributes = {
					C62365DD247D6AD00015F20D = {
						CreatedOnToolsVersion = 11.4.1;
					};
				};
			};
			buildConfigurationList = C62365D9247D6AD00015F20D /* Build configuration list for PBXProject "WeatherApp" */;
			compatibilityVersion = "Xcode 9.3";
			developmentRegion = en;
			hasScannedForEncodings = 0;
			knownRegions = (
				en,
				Base,
			);
			mainGroup = C62365D5247D6AD00015F20D;
			packageReferences = (
				C61566C2247DFB4D00D6DFEC /* XCRemoteSwiftPackageReference "RxSwift" */,
				C6D84F52247FC9AD00177C5A /* XCRemoteSwiftPackageReference "RxCoreLocation" */,
			);
			productRefGroup = C62365DF247D6AD00015F20D /* Products */;
			projectDirPath = "";
			projectRoot = "";
			targets = (
				C62365DD247D6AD00015F20D /* WeatherApp */,
			);
		};
/* End PBXProject section */

/* Begin PBXResourcesBuildPhase section */
		C62365DC247D6AD00015F20D /* Resources */ = {
			isa = PBXResourcesBuildPhase;
			buildActionMask = 2147483647;
			files = (
				C62365EE247D6AD20015F20D /* LaunchScreen.storyboard in Resources */,
				C62365EB247D6AD20015F20D /* Assets.xcassets in Resources */,
				C62CBDBD247D746800C86B00 /* roboto_medium.ttf in Resources */,
				C61566CE247E056700D6DFEC /* Intro.storyboard in Resources */,
				C6D84F66247FFE4100177C5A /* HourWeatherCollectionViewCell.xib in Resources */,
				C61566D4247E066D00D6DFEC /* Localizable.strings in Resources */,
				C62365E9247D6AD00015F20D /* Main.storyboard in Resources */,
				C62CBDC0247D747200C86B00 /* Colors.xcassets in Resources */,
				C6540C5E247E1F34007B6621 /* pacifico_regular.ttf in Resources */,
				C62CBDBC247D746800C86B00 /* roboto_bold.ttf in Resources */,
				C6D84F5D247FF77B00177C5A /* DayWeatherTableViewCell.xib in Resources */,
				C62CBDBE247D746800C86B00 /* roboto_light.ttf in Resources */,
			);
			runOnlyForDeploymentPostprocessing = 0;
		};
/* End PBXResourcesBuildPhase section */

/* Begin PBXSourcesBuildPhase section */
		C62365DA247D6AD00015F20D /* Sources */ = {
			isa = PBXSourcesBuildPhase;
			buildActionMask = 2147483647;
			files = (
				C67974F4247ED292007E6F9E /* WeatherEndPoints.swift in Sources */,
				C658AAAE247E6E6D00E41DE7 /* WeatherConditions.swift in Sources */,
				C6540C64247E34FF007B6621 /* MovingView.swift in Sources */,
				C6FE8F2D247E44E90070C09E /* MainViewController.swift in Sources */,
				C6D84F47247FBFAF00177C5A /* ObservableType+Helpers.swift in Sources */,
				C62CBDD0247D76A300C86B00 /* EndPoint.swift in Sources */,
				C6236612247D71E80015F20D /* UIView+Helpers.swift in Sources */,
				C6D84F41247F643E00177C5A /* UIScrollView+Helpers.swift in Sources */,
				C658AAB0247E780000E41DE7 /* CitiesView.swift in Sources */,
				C696351124802A5A00535AFF /* Date+Helpers.swift in Sources */,
				C62365E6247D6AD00015F20D /* SplashViewController.swift in Sources */,
				C62CBDD6247D776300C86B00 /* ServicesType.swift in Sources */,
				C6236617247D72480015F20D /* UIViewController+Root.swift in Sources */,
				C6D84F56247FCA9900177C5A /* Address.swift in Sources */,
				C62365E2247D6AD00015F20D /* AppDelegate.swift in Sources */,
				C6D84F4F247FC90F00177C5A /* LocationProvider.swift in Sources */,
				C6D84F51247FC92000177C5A /* LocationHelper.swift in Sources */,
				C6D84F43247F6CF000177C5A /* String+Helpers.swift in Sources */,
				C658AAB3247E7BD900E41DE7 /* CityView.swift in Sources */,
				C6236610247D71C70015F20D /* UIView+Animation.swift in Sources */,
				C6236614247D720F0015F20D /* Storyboard+ViewControllerCreation.swift in Sources */,
				C658AAAC247E646D00E41DE7 /* AppInput.swift in Sources */,
				C6D84F45247F6E5100177C5A /* WeatherDetailsCard.swift in Sources */,
				C6D84F5F247FF9A100177C5A /* UICollectionView+Helpers.swift in Sources */,
				C6D84F4A247FC6CD00177C5A /* CurrentCityWeatherViewController.swift in Sources */,
				C62CBDDC247D780C00C86B00 /* HttpClient.swift in Sources */,
				C67974EE247EB517007E6F9E /* Temp.swift in Sources */,
				C62365E4247D6AD00015F20D /* SceneDelegate.swift in Sources */,
				C61566D1247E05CF00D6DFEC /* AppLabel.swift in Sources */,
				C6540C60247E2074007B6621 /* GradientView.swift in Sources */,
				C6236605247D6FBE0015F20D /* Theme.swift in Sources */,
				C67974FD247ED69D007E6F9E /* Loadable.swift in Sources */,
				C6FE8F2F247E486F0070C09E /* Time.swift in Sources */,
				C62CBDD4247D773000C86B00 /* NetworkingType.swift in Sources */,
				C67974EA247EB443007E6F9E /* CityWeather.swift in Sources */,
				C6D84F65247FFE4100177C5A /* HourWeatherCollectionViewCell.swift in Sources */,
				C6540C66247E3575007B6621 /* UIImage+Helpers.swift in Sources */,
				C6236601247D6E490015F20D /* Constants.swift in Sources */,
				C62CBDD8247D77D600C86B00 /* HTTPMethod.swift in Sources */,
				C67974F2247EB79F007E6F9E /* CityWeatherViewModel.swift in Sources */,
				C6236603247D6EB10015F20D /* Keys.swift in Sources */,
				C67974EC247EB4C2007E6F9E /* Wind.swift in Sources */,
				C67974F6247ED525007E6F9E /* WeatherServices.swift in Sources */,
				C62CBDD2247D76BD00C86B00 /* FetcherType.swift in Sources */,
				C6D84F5C247FF77B00177C5A /* DayWeatherTableViewCell.swift in Sources */,
				C6236609247D707D0015F20D /* AppAnimation.swift in Sources */,
				C6236607247D70610015F20D /* Obfuscator.swift in Sources */,
				C6797500247ED721007E6F9E /* MainViewModel.swift in Sources */,
				C62CBDDA247D77EE00C86B00 /* Fetcher.swift in Sources */,
				C67974FB247ED681007E6F9E /* ErrorEmitable.swift in Sources */,
				C6540C68247E3608007B6621 /* AppImages.swift in Sources */,
				C6D84F61247FF9C400177C5A /* UITableView+Helpers.swift in Sources */,
				C6D84F4C247FC6D900177C5A /* CurrentCityWeatherViewModel.swift in Sources */,
				C6540C62247E338F007B6621 /* TimeView.swift in Sources */,
				C67974F0247EB725007E6F9E /* Weather.swift in Sources */,
				C67974F9247ED668007E6F9E /* ViewModelType.swift in Sources */,
			);
			runOnlyForDeploymentPostprocessing = 0;
		};
/* End PBXSourcesBuildPhase section */

/* Begin PBXVariantGroup section */
		C61566D6247E066D00D6DFEC /* Localizable.strings */ = {
			isa = PBXVariantGroup;
			children = (
				C61566D5247E066D00D6DFEC /* en */,
			);
			name = Localizable.strings;
			sourceTree = "<group>";
		};
		C62365E7247D6AD00015F20D /* Main.storyboard */ = {
			isa = PBXVariantGroup;
			children = (
				C62365E8247D6AD00015F20D /* Base */,
			);
			name = Main.storyboard;
			sourceTree = "<group>";
		};
		C62365EC247D6AD20015F20D /* LaunchScreen.storyboard */ = {
			isa = PBXVariantGroup;
			children = (
				C62365ED247D6AD20015F20D /* Base */,
			);
			name = LaunchScreen.storyboard;
			sourceTree = "<group>";
		};
/* End PBXVariantGroup section */

/* Begin XCBuildConfiguration section */
		C62365F0247D6AD20015F20D /* Debug */ = {
			isa = XCBuildConfiguration;
			buildSettings = {
				ALWAYS_SEARCH_USER_PATHS = NO;
				CLANG_ANALYZER_NONNULL = YES;
				CLANG_ANALYZER_NUMBER_OBJECT_CONVERSION = YES_AGGRESSIVE;
				CLANG_CXX_LANGUAGE_STANDARD = "gnu++14";
				CLANG_CXX_LIBRARY = "libc++";
				CLANG_ENABLE_MODULES = YES;
				CLANG_ENABLE_OBJC_ARC = YES;
				CLANG_ENABLE_OBJC_WEAK = YES;
				CLANG_WARN_BLOCK_CAPTURE_AUTORELEASING = YES;
				CLANG_WARN_BOOL_CONVERSION = YES;
				CLANG_WARN_COMMA = YES;
				CLANG_WARN_CONSTANT_CONVERSION = YES;
				CLANG_WARN_DEPRECATED_OBJC_IMPLEMENTATIONS = YES;
				CLANG_WARN_DIRECT_OBJC_ISA_USAGE = YES_ERROR;
				CLANG_WARN_DOCUMENTATION_COMMENTS = YES;
				CLANG_WARN_EMPTY_BODY = YES;
				CLANG_WARN_ENUM_CONVERSION = YES;
				CLANG_WARN_INFINITE_RECURSION = YES;
				CLANG_WARN_INT_CONVERSION = YES;
				CLANG_WARN_NON_LITERAL_NULL_CONVERSION = YES;
				CLANG_WARN_OBJC_IMPLICIT_RETAIN_SELF = YES;
				CLANG_WARN_OBJC_LITERAL_CONVERSION = YES;
				CLANG_WARN_OBJC_ROOT_CLASS = YES_ERROR;
				CLANG_WARN_RANGE_LOOP_ANALYSIS = YES;
				CLANG_WARN_STRICT_PROTOTYPES = YES;
				CLANG_WARN_SUSPICIOUS_MOVE = YES;
				CLANG_WARN_UNGUARDED_AVAILABILITY = YES_AGGRESSIVE;
				CLANG_WARN_UNREACHABLE_CODE = YES;
				CLANG_WARN__DUPLICATE_METHOD_MATCH = YES;
				COPY_PHASE_STRIP = NO;
				DEBUG_INFORMATION_FORMAT = dwarf;
				ENABLE_STRICT_OBJC_MSGSEND = YES;
				ENABLE_TESTABILITY = YES;
				GCC_C_LANGUAGE_STANDARD = gnu11;
				GCC_DYNAMIC_NO_PIC = NO;
				GCC_NO_COMMON_BLOCKS = YES;
				GCC_OPTIMIZATION_LEVEL = 0;
				GCC_PREPROCESSOR_DEFINITIONS = (
					"DEBUG=1",
					"$(inherited)",
				);
				GCC_WARN_64_TO_32_BIT_CONVERSION = YES;
				GCC_WARN_ABOUT_RETURN_TYPE = YES_ERROR;
				GCC_WARN_UNDECLARED_SELECTOR = YES;
				GCC_WARN_UNINITIALIZED_AUTOS = YES_AGGRESSIVE;
				GCC_WARN_UNUSED_FUNCTION = YES;
				GCC_WARN_UNUSED_VARIABLE = YES;
				IPHONEOS_DEPLOYMENT_TARGET = 13.3;
				MTL_ENABLE_DEBUG_INFO = INCLUDE_SOURCE;
				MTL_FAST_MATH = YES;
				ONLY_ACTIVE_ARCH = YES;
				SDKROOT = iphoneos;
				SWIFT_ACTIVE_COMPILATION_CONDITIONS = DEBUG;
				SWIFT_OPTIMIZATION_LEVEL = "-Onone";
			};
			name = Debug;
		};
		C62365F1247D6AD20015F20D /* Release */ = {
			isa = XCBuildConfiguration;
			buildSettings = {
				ALWAYS_SEARCH_USER_PATHS = NO;
				CLANG_ANALYZER_NONNULL = YES;
				CLANG_ANALYZER_NUMBER_OBJECT_CONVERSION = YES_AGGRESSIVE;
				CLANG_CXX_LANGUAGE_STANDARD = "gnu++14";
				CLANG_CXX_LIBRARY = "libc++";
				CLANG_ENABLE_MODULES = YES;
				CLANG_ENABLE_OBJC_ARC = YES;
				CLANG_ENABLE_OBJC_WEAK = YES;
				CLANG_WARN_BLOCK_CAPTURE_AUTORELEASING = YES;
				CLANG_WARN_BOOL_CONVERSION = YES;
				CLANG_WARN_COMMA = YES;
				CLANG_WARN_CONSTANT_CONVERSION = YES;
				CLANG_WARN_DEPRECATED_OBJC_IMPLEMENTATIONS = YES;
				CLANG_WARN_DIRECT_OBJC_ISA_USAGE = YES_ERROR;
				CLANG_WARN_DOCUMENTATION_COMMENTS = YES;
				CLANG_WARN_EMPTY_BODY = YES;
				CLANG_WARN_ENUM_CONVERSION = YES;
				CLANG_WARN_INFINITE_RECURSION = YES;
				CLANG_WARN_INT_CONVERSION = YES;
				CLANG_WARN_NON_LITERAL_NULL_CONVERSION = YES;
				CLANG_WARN_OBJC_IMPLICIT_RETAIN_SELF = YES;
				CLANG_WARN_OBJC_LITERAL_CONVERSION = YES;
				CLANG_WARN_OBJC_ROOT_CLASS = YES_ERROR;
				CLANG_WARN_RANGE_LOOP_ANALYSIS = YES;
				CLANG_WARN_STRICT_PROTOTYPES = YES;
				CLANG_WARN_SUSPICIOUS_MOVE = YES;
				CLANG_WARN_UNGUARDED_AVAILABILITY = YES_AGGRESSIVE;
				CLANG_WARN_UNREACHABLE_CODE = YES;
				CLANG_WARN__DUPLICATE_METHOD_MATCH = YES;
				COPY_PHASE_STRIP = NO;
				DEBUG_INFORMATION_FORMAT = "dwarf-with-dsym";
				ENABLE_NS_ASSERTIONS = NO;
				ENABLE_STRICT_OBJC_MSGSEND = YES;
				GCC_C_LANGUAGE_STANDARD = gnu11;
				GCC_NO_COMMON_BLOCKS = YES;
				GCC_WARN_64_TO_32_BIT_CONVERSION = YES;
				GCC_WARN_ABOUT_RETURN_TYPE = YES_ERROR;
				GCC_WARN_UNDECLARED_SELECTOR = YES;
				GCC_WARN_UNINITIALIZED_AUTOS = YES_AGGRESSIVE;
				GCC_WARN_UNUSED_FUNCTION = YES;
				GCC_WARN_UNUSED_VARIABLE = YES;
				IPHONEOS_DEPLOYMENT_TARGET = 13.3;
				MTL_ENABLE_DEBUG_INFO = NO;
				MTL_FAST_MATH = YES;
				SDKROOT = iphoneos;
				SWIFT_COMPILATION_MODE = wholemodule;
				SWIFT_OPTIMIZATION_LEVEL = "-O";
				VALIDATE_PRODUCT = YES;
			};
			name = Release;
		};
		C62365F3247D6AD20015F20D /* Debug */ = {
			isa = XCBuildConfiguration;
			buildSettings = {
				ASSETCATALOG_COMPILER_APPICON_NAME = AppIcon;
				CODE_SIGN_STYLE = Automatic;
				DEVELOPMENT_TEAM = H3MRF55H66;
				INFOPLIST_FILE = "$(SRCROOT)/WeatherApp/SupportFiles/Info.plist";
				LD_RUNPATH_SEARCH_PATHS = (
					"$(inherited)",
					"@executable_path/Frameworks",
				);
				PRODUCT_BUNDLE_IDENTIFIER = "abedalkareem-omreyh.WeatherApp";
				PRODUCT_NAME = "$(TARGET_NAME)";
				SWIFT_VERSION = 5.0;
				TARGETED_DEVICE_FAMILY = "1,2";
			};
			name = Debug;
		};
		C62365F4247D6AD20015F20D /* Release */ = {
			isa = XCBuildConfiguration;
			buildSettings = {
				ASSETCATALOG_COMPILER_APPICON_NAME = AppIcon;
				CODE_SIGN_STYLE = Automatic;
				DEVELOPMENT_TEAM = H3MRF55H66;
				INFOPLIST_FILE = "$(SRCROOT)/WeatherApp/SupportFiles/Info.plist";
				LD_RUNPATH_SEARCH_PATHS = (
					"$(inherited)",
					"@executable_path/Frameworks",
				);
				PRODUCT_BUNDLE_IDENTIFIER = "abedalkareem-omreyh.WeatherApp";
				PRODUCT_NAME = "$(TARGET_NAME)";
				SWIFT_VERSION = 5.0;
				TARGETED_DEVICE_FAMILY = "1,2";
			};
			name = Release;
		};
/* End XCBuildConfiguration section */

/* Begin XCConfigurationList section */
		C62365D9247D6AD00015F20D /* Build configuration list for PBXProject "WeatherApp" */ = {
			isa = XCConfigurationList;
			buildConfigurations = (
				C62365F0247D6AD20015F20D /* Debug */,
				C62365F1247D6AD20015F20D /* Release */,
			);
			defaultConfigurationIsVisible = 0;
			defaultConfigurationName = Release;
		};
		C62365F2247D6AD20015F20D /* Build configuration list for PBXNativeTarget "WeatherApp" */ = {
			isa = XCConfigurationList;
			buildConfigurations = (
				C62365F3247D6AD20015F20D /* Debug */,
				C62365F4247D6AD20015F20D /* Release */,
			);
			defaultConfigurationIsVisible = 0;
			defaultConfigurationName = Release;
		};
/* End XCConfigurationList section */

/* Begin XCRemoteSwiftPackageReference section */
		C61566C2247DFB4D00D6DFEC /* XCRemoteSwiftPackageReference "RxSwift" */ = {
			isa = XCRemoteSwiftPackageReference;
			repositoryURL = "https://github.com/ReactiveX/RxSwift";
			requirement = {
				kind = upToNextMajorVersion;
				minimumVersion = 5.1.1;
			};
		};
		C6D84F52247FC9AD00177C5A /* XCRemoteSwiftPackageReference "RxCoreLocation" */ = {
			isa = XCRemoteSwiftPackageReference;
			repositoryURL = "https://github.com/RxSwiftCommunity/RxCoreLocation";
			requirement = {
				kind = upToNextMajorVersion;
				minimumVersion = 1.4.2;
			};
		};
/* End XCRemoteSwiftPackageReference section */

/* Begin XCSwiftPackageProductDependency section */
		C61566C3247DFB4D00D6DFEC /* RxSwift */ = {
			isa = XCSwiftPackageProductDependency;
			package = C61566C2247DFB4D00D6DFEC /* XCRemoteSwiftPackageReference "RxSwift" */;
			productName = RxSwift;
		};
		C61566C5247DFB4D00D6DFEC /* RxRelay */ = {
			isa = XCSwiftPackageProductDependency;
			package = C61566C2247DFB4D00D6DFEC /* XCRemoteSwiftPackageReference "RxSwift" */;
			productName = RxRelay;
		};
		C61566C7247DFB4D00D6DFEC /* RxCocoa */ = {
			isa = XCSwiftPackageProductDependency;
			package = C61566C2247DFB4D00D6DFEC /* XCRemoteSwiftPackageReference "RxSwift" */;
			productName = RxCocoa;
		};
		C61566C9247DFB4D00D6DFEC /* RxBlocking */ = {
			isa = XCSwiftPackageProductDependency;
			package = C61566C2247DFB4D00D6DFEC /* XCRemoteSwiftPackageReference "RxSwift" */;
			productName = RxBlocking;
		};
		C6D84F53247FC9AD00177C5A /* RxCoreLocation */ = {
			isa = XCSwiftPackageProductDependency;
			package = C6D84F52247FC9AD00177C5A /* XCRemoteSwiftPackageReference "RxCoreLocation" */;
			productName = RxCoreLocation;
		};
/* End XCSwiftPackageProductDependency section */
	};
	rootObject = C62365D6247D6AD00015F20D /* Project object */;
}
