// !$*UTF8*$!
{
	archiveVersion = 1;
	classes = {
	};
	objectVersion = 50;
	objects = {

/* Begin PBXBuildFile section */
		C62365E2247D6AD00015F20D /* AppDelegate.swift in Sources */ = {isa = PBXBuildFile; fileRef = C62365E1247D6AD00015F20D /* AppDelegate.swift */; };
		C62365E4247D6AD00015F20D /* SceneDelegate.swift in Sources */ = {isa = PBXBuildFile; fileRef = C62365E3247D6AD00015F20D /* SceneDelegate.swift */; };
		C62365E6247D6AD00015F20D /* ViewController.swift in Sources */ = {isa = PBXBuildFile; fileRef = C62365E5247D6AD00015F20D /* ViewController.swift */; };
		C62365E9247D6AD00015F20D /* Main.storyboard in Resources */ = {isa = PBXBuildFile; fileRef = C62365E7247D6AD00015F20D /* Main.storyboard */; };
		C62365EB247D6AD20015F20D /* Assets.xcassets in Resources */ = {isa = PBXBuildFile; fileRef = C62365EA247D6AD20015F20D /* Assets.xcassets */; };
		C62365EE247D6AD20015F20D /* LaunchScreen.storyboard in Resources */ = {isa = PBXBuildFile; fileRef = C62365EC247D6AD20015F20D /* LaunchScreen.storyboard */; };
		C6236601247D6E490015F20D /* Constants.swift in Sources */ = {isa = PBXBuildFile; fileRef = C6236600247D6E490015F20D /* Constants.swift */; };
		C6236603247D6EB10015F20D /* Keys.swift in Sources */ = {isa = PBXBuildFile; fileRef = C6236602247D6EB10015F20D /* Keys.swift */; };
		C6236605247D6FBE0015F20D /* Theme.swift in Sources */ = {isa = PBXBuildFile; fileRef = C6236604247D6FBE0015F20D /* Theme.swift */; };
		C6236607247D70610015F20D /* Obfuscator.swift in Sources */ = {isa = PBXBuildFile; fileRef = C6236606247D70610015F20D /* Obfuscator.swift */; };
		C6236609247D707D0015F20D /* AppAnimation.swift in Sources */ = {isa = PBXBuildFile; fileRef = C6236608247D707D0015F20D /* AppAnimation.swift */; };
		C6236610247D71C70015F20D /* UIView+Animation.swift in Sources */ = {isa = PBXBuildFile; fileRef = C623660F247D71C70015F20D /* UIView+Animation.swift */; };
		C6236612247D71E80015F20D /* UIView+Helpers.swift in Sources */ = {isa = PBXBuildFile; fileRef = C6236611247D71E80015F20D /* UIView+Helpers.swift */; };
		C6236614247D720F0015F20D /* Storyboard+ViewControllerCreation.swift in Sources */ = {isa = PBXBuildFile; fileRef = C6236613247D720F0015F20D /* Storyboard+ViewControllerCreation.swift */; };
		C6236617247D72480015F20D /* UIViewController+Root.swift in Sources */ = {isa = PBXBuildFile; fileRef = C6236616247D72480015F20D /* UIViewController+Root.swift */; };
		C62CBDBC247D746800C86B00 /* roboto_bold.ttf in Resources */ = {isa = PBXBuildFile; fileRef = C62CBDB8247D746800C86B00 /* roboto_bold.ttf */; };
		C62CBDBD247D746800C86B00 /* roboto_medium.ttf in Resources */ = {isa = PBXBuildFile; fileRef = C62CBDB9247D746800C86B00 /* roboto_medium.ttf */; };
		C62CBDBE247D746800C86B00 /* roboto_light.ttf in Resources */ = {isa = PBXBuildFile; fileRef = C62CBDBA247D746800C86B00 /* roboto_light.ttf */; };
		C62CBDC0247D747200C86B00 /* Colors.xcassets in Resources */ = {isa = PBXBuildFile; fileRef = C62CBDBF247D747200C86B00 /* Colors.xcassets */; };
/* End PBXBuildFile section */

/* Begin PBXFileReference section */
		C62365DE247D6AD00015F20D /* WeatherApp.app */ = {isa = PBXFileReference; explicitFileType = wrapper.application; includeInIndex = 0; path = WeatherApp.app; sourceTree = BUILT_PRODUCTS_DIR; };
		C62365E1247D6AD00015F20D /* AppDelegate.swift */ = {isa = PBXFileReference; lastKnownFileType = sourcecode.swift; path = AppDelegate.swift; sourceTree = "<group>"; };
		C62365E3247D6AD00015F20D /* SceneDelegate.swift */ = {isa = PBXFileReference; lastKnownFileType = sourcecode.swift; path = SceneDelegate.swift; sourceTree = "<group>"; };
		C62365E5247D6AD00015F20D /* ViewController.swift */ = {isa = PBXFileReference; lastKnownFileType = sourcecode.swift; path = ViewController.swift; sourceTree = "<group>"; };
		C62365E8247D6AD00015F20D /* Base */ = {isa = PBXFileReference; lastKnownFileType = file.storyboard; name = Base; path = Base.lproj/Main.storyboard; sourceTree = "<group>"; };
		C62365EA247D6AD20015F20D /* Assets.xcassets */ = {isa = PBXFileReference; lastKnownFileType = folder.assetcatalog; path = Assets.xcassets; sourceTree = "<group>"; };
		C62365ED247D6AD20015F20D /* Base */ = {isa = PBXFileReference; lastKnownFileType = file.storyboard; name = Base; path = Base.lproj/LaunchScreen.storyboard; sourceTree = "<group>"; };
		C62365EF247D6AD20015F20D /* Info.plist */ = {isa = PBXFileReference; lastKnownFileType = text.plist.xml; path = Info.plist; sourceTree = "<group>"; };
		C6236600247D6E490015F20D /* Constants.swift */ = {isa = PBXFileReference; lastKnownFileType = sourcecode.swift; path = Constants.swift; sourceTree = "<group>"; };
		C6236602247D6EB10015F20D /* Keys.swift */ = {isa = PBXFileReference; lastKnownFileType = sourcecode.swift; path = Keys.swift; sourceTree = "<group>"; };
		C6236604247D6FBE0015F20D /* Theme.swift */ = {isa = PBXFileReference; lastKnownFileType = sourcecode.swift; path = Theme.swift; sourceTree = "<group>"; };
		C6236606247D70610015F20D /* Obfuscator.swift */ = {isa = PBXFileReference; lastKnownFileType = sourcecode.swift; path = Obfuscator.swift; sourceTree = "<group>"; };
		C6236608247D707D0015F20D /* AppAnimation.swift */ = {isa = PBXFileReference; lastKnownFileType = sourcecode.swift; path = AppAnimation.swift; sourceTree = "<group>"; };
		C623660F247D71C70015F20D /* UIView+Animation.swift */ = {isa = PBXFileReference; lastKnownFileType = sourcecode.swift; path = "UIView+Animation.swift"; sourceTree = "<group>"; };
		C6236611247D71E80015F20D /* UIView+Helpers.swift */ = {isa = PBXFileReference; lastKnownFileType = sourcecode.swift; path = "UIView+Helpers.swift"; sourceTree = "<group>"; };
		C6236613247D720F0015F20D /* Storyboard+ViewControllerCreation.swift */ = {isa = PBXFileReference; lastKnownFileType = sourcecode.swift; path = "Storyboard+ViewControllerCreation.swift"; sourceTree = "<group>"; };
		C6236616247D72480015F20D /* UIViewController+Root.swift */ = {isa = PBXFileReference; lastKnownFileType = sourcecode.swift; path = "UIViewController+Root.swift"; sourceTree = "<group>"; };
		C62CBDB8247D746800C86B00 /* roboto_bold.ttf */ = {isa = PBXFileReference; lastKnownFileType = file; path = roboto_bold.ttf; sourceTree = "<group>"; };
		C62CBDB9247D746800C86B00 /* roboto_medium.ttf */ = {isa = PBXFileReference; lastKnownFileType = file; path = roboto_medium.ttf; sourceTree = "<group>"; };
		C62CBDBA247D746800C86B00 /* roboto_light.ttf */ = {isa = PBXFileReference; lastKnownFileType = file; path = roboto_light.ttf; sourceTree = "<group>"; };
		C62CBDBF247D747200C86B00 /* Colors.xcassets */ = {isa = PBXFileReference; lastKnownFileType = folder.assetcatalog; path = Colors.xcassets; sourceTree = "<group>"; };
/* End PBXFileReference section */

/* Begin PBXFrameworksBuildPhase section */
		C62365DB247D6AD00015F20D /* Frameworks */ = {
			isa = PBXFrameworksBuildPhase;
			buildActionMask = 2147483647;
			files = (
			);
			runOnlyForDeploymentPostprocessing = 0;
		};
/* End PBXFrameworksBuildPhase section */

/* Begin PBXGroup section */
		C62365D5247D6AD00015F20D = {
			isa = PBXGroup;
			children = (
				C62365E0247D6AD00015F20D /* WeatherApp */,
				C62365DF247D6AD00015F20D /* Products */,
			);
			sourceTree = "<group>";
		};
		C62365DF247D6AD00015F20D /* Products */ = {
			isa = PBXGroup;
			children = (
				C62365DE247D6AD00015F20D /* WeatherApp.app */,
			);
			name = Products;
			sourceTree = "<group>";
		};
		C62365E0247D6AD00015F20D /* WeatherApp */ = {
			isa = PBXGroup;
			children = (
				C62365F5247D6BC80015F20D /* AppDelegate */,
				C62365FD247D6C9A0015F20D /* ViewControllers */,
				C62365FB247D6C5A0015F20D /* ViewModels */,
				C62365F7247D6BE90015F20D /* Models */,
				C62365FC247D6C630015F20D /* Views */,
				C62365F8247D6BF10015F20D /* Networking */,
				C62365F6247D6BE00015F20D /* Helpers */,
				C62365F9247D6BF90015F20D /* Resources */,
				C62365FA247D6C030015F20D /* SupportFiles */,
			);
			path = WeatherApp;
			sourceTree = "<group>";
		};
		C62365F5247D6BC80015F20D /* AppDelegate */ = {
			isa = PBXGroup;
			children = (
				C62365E1247D6AD00015F20D /* AppDelegate.swift */,
				C62365E3247D6AD00015F20D /* SceneDelegate.swift */,
			);
			path = AppDelegate;
			sourceTree = "<group>";
		};
		C62365F6247D6BE00015F20D /* Helpers */ = {
			isa = PBXGroup;
			children = (
				C623660B247D70C10015F20D /* DependencyInjection */,
				C623660A247D70AA0015F20D /* Extensions */,
				C62365FF247D6E3B0015F20D /* Constants */,
				C6236606247D70610015F20D /* Obfuscator.swift */,
				C6236608247D707D0015F20D /* AppAnimation.swift */,
			);
			path = Helpers;
			sourceTree = "<group>";
		};
		C62365F7247D6BE90015F20D /* Models */ = {
			isa = PBXGroup;
			children = (
			);
			path = Models;
			sourceTree = "<group>";
		};
		C62365F8247D6BF10015F20D /* Networking */ = {
			isa = PBXGroup;
			children = (
			);
			path = Networking;
			sourceTree = "<group>";
		};
		C62365F9247D6BF90015F20D /* Resources */ = {
			isa = PBXGroup;
			children = (
				C623660D247D70EA0015F20D /* Fonts */,
				C623660C247D70E10015F20D /* Assets */,
			);
			path = Resources;
			sourceTree = "<group>";
		};
		C62365FA247D6C030015F20D /* SupportFiles */ = {
			isa = PBXGroup;
			children = (
				C62365FE247D6DF90015F20D /* Storyboards */,
				C62365EF247D6AD20015F20D /* Info.plist */,
			);
			path = SupportFiles;
			sourceTree = "<group>";
		};
		C62365FB247D6C5A0015F20D /* ViewModels */ = {
			isa = PBXGroup;
			children = (
			);
			path = ViewModels;
			sourceTree = "<group>";
		};
		C62365FC247D6C630015F20D /* Views */ = {
			isa = PBXGroup;
			children = (
			);
			path = Views;
			sourceTree = "<group>";
		};
		C62365FD247D6C9A0015F20D /* ViewControllers */ = {
			isa = PBXGroup;
			children = (
				C62365E5247D6AD00015F20D /* ViewController.swift */,
			);
			path = ViewControllers;
			sourceTree = "<group>";
		};
		C62365FE247D6DF90015F20D /* Storyboards */ = {
			isa = PBXGroup;
			children = (
				C62365EC247D6AD20015F20D /* LaunchScreen.storyboard */,
				C62365E7247D6AD00015F20D /* Main.storyboard */,
			);
			path = Storyboards;
			sourceTree = "<group>";
		};
		C62365FF247D6E3B0015F20D /* Constants */ = {
			isa = PBXGroup;
			children = (
				C6236600247D6E490015F20D /* Constants.swift */,
				C6236602247D6EB10015F20D /* Keys.swift */,
				C6236604247D6FBE0015F20D /* Theme.swift */,
			);
			path = Constants;
			sourceTree = "<group>";
		};
		C623660A247D70AA0015F20D /* Extensions */ = {
			isa = PBXGroup;
			children = (
				C6236615247D72330015F20D /* UIViewController */,
				C623660E247D71B70015F20D /* UIView */,
				C6236613247D720F0015F20D /* Storyboard+ViewControllerCreation.swift */,
			);
			path = Extensions;
			sourceTree = "<group>";
		};
		C623660B247D70C10015F20D /* DependencyInjection */ = {
			isa = PBXGroup;
			children = (
			);
			path = DependencyInjection;
			sourceTree = "<group>";
		};
		C623660C247D70E10015F20D /* Assets */ = {
			isa = PBXGroup;
			children = (
				C62CBDBF247D747200C86B00 /* Colors.xcassets */,
				C62365EA247D6AD20015F20D /* Assets.xcassets */,
			);
			path = Assets;
			sourceTree = "<group>";
		};
		C623660D247D70EA0015F20D /* Fonts */ = {
			isa = PBXGroup;
			children = (
				C62CBDB8247D746800C86B00 /* roboto_bold.ttf */,
				C62CBDBA247D746800C86B00 /* roboto_light.ttf */,
				C62CBDB9247D746800C86B00 /* roboto_medium.ttf */,
			);
			path = Fonts;
			sourceTree = "<group>";
		};
		C623660E247D71B70015F20D /* UIView */ = {
			isa = PBXGroup;
			children = (
				C623660F247D71C70015F20D /* UIView+Animation.swift */,
				C6236611247D71E80015F20D /* UIView+Helpers.swift */,
			);
			path = UIView;
			sourceTree = "<group>";
		};
		C6236615247D72330015F20D /* UIViewController */ = {
			isa = PBXGroup;
			children = (
				C6236616247D72480015F20D /* UIViewController+Root.swift */,
			);
			path = UIViewController;
			sourceTree = "<group>";
		};
/* End PBXGroup section */

/* Begin PBXNativeTarget section */
		C62365DD247D6AD00015F20D /* WeatherApp */ = {
			isa = PBXNativeTarget;
			buildConfigurationList = C62365F2247D6AD20015F20D /* Build configuration list for PBXNativeTarget "WeatherApp" */;
			buildPhases = (
				C62365DA247D6AD00015F20D /* Sources */,
				C62365DB247D6AD00015F20D /* Frameworks */,
				C62365DC247D6AD00015F20D /* Resources */,
			);
			buildRules = (
			);
			dependencies = (
			);
			name = WeatherApp;
			productName = WeatherApp;
			productReference = C62365DE247D6AD00015F20D /* WeatherApp.app */;
			productType = "com.apple.product-type.application";
		};
/* End PBXNativeTarget section */

/* Begin PBXProject section */
		C62365D6247D6AD00015F20D /* Project object */ = {
			isa = PBXProject;
			attributes = {
				LastSwiftUpdateCheck = 1140;
				LastUpgradeCheck = 1140;
				ORGANIZATIONNAME = "abedalkareem omreyh";
				TargetAttributes = {
					C62365DD247D6AD00015F20D = {
						CreatedOnToolsVersion = 11.4.1;
					};
				};
			};
			buildConfigurationList = C62365D9247D6AD00015F20D /* Build configuration list for PBXProject "WeatherApp" */;
			compatibilityVersion = "Xcode 9.3";
			developmentRegion = en;
			hasScannedForEncodings = 0;
			knownRegions = (
				en,
				Base,
			);
			mainGroup = C62365D5247D6AD00015F20D;
			productRefGroup = C62365DF247D6AD00015F20D /* Products */;
			projectDirPath = "";
			projectRoot = "";
			targets = (
				C62365DD247D6AD00015F20D /* WeatherApp */,
			);
		};
/* End PBXProject section */

/* Begin PBXResourcesBuildPhase section */
		C62365DC247D6AD00015F20D /* Resources */ = {
			isa = PBXResourcesBuildPhase;
			buildActionMask = 2147483647;
			files = (
				C62365EE247D6AD20015F20D /* LaunchScreen.storyboard in Resources */,
				C62365EB247D6AD20015F20D /* Assets.xcassets in Resources */,
				C62CBDBD247D746800C86B00 /* roboto_medium.ttf in Resources */,
				C62365E9247D6AD00015F20D /* Main.storyboard in Resources */,
				C62CBDC0247D747200C86B00 /* Colors.xcassets in Resources */,
				C62CBDBC247D746800C86B00 /* roboto_bold.ttf in Resources */,
				C62CBDBE247D746800C86B00 /* roboto_light.ttf in Resources */,
			);
			runOnlyForDeploymentPostprocessing = 0;
		};
/* End PBXResourcesBuildPhase section */

/* Begin PBXSourcesBuildPhase section */
		C62365DA247D6AD00015F20D /* Sources */ = {
			isa = PBXSourcesBuildPhase;
			buildActionMask = 2147483647;
			files = (
				C6236612247D71E80015F20D /* UIView+Helpers.swift in Sources */,
				C62365E6247D6AD00015F20D /* ViewController.swift in Sources */,
				C6236617247D72480015F20D /* UIViewController+Root.swift in Sources */,
				C62365E2247D6AD00015F20D /* AppDelegate.swift in Sources */,
				C6236610247D71C70015F20D /* UIView+Animation.swift in Sources */,
				C6236614247D720F0015F20D /* Storyboard+ViewControllerCreation.swift in Sources */,
				C62365E4247D6AD00015F20D /* SceneDelegate.swift in Sources */,
				C6236605247D6FBE0015F20D /* Theme.swift in Sources */,
				C6236601247D6E490015F20D /* Constants.swift in Sources */,
				C6236603247D6EB10015F20D /* Keys.swift in Sources */,
				C6236609247D707D0015F20D /* AppAnimation.swift in Sources */,
				C6236607247D70610015F20D /* Obfuscator.swift in Sources */,
			);
			runOnlyForDeploymentPostprocessing = 0;
		};
/* End PBXSourcesBuildPhase section */

/* Begin PBXVariantGroup section */
		C62365E7247D6AD00015F20D /* Main.storyboard */ = {
			isa = PBXVariantGroup;
			children = (
				C62365E8247D6AD00015F20D /* Base */,
			);
			name = Main.storyboard;
			sourceTree = "<group>";
		};
		C62365EC247D6AD20015F20D /* LaunchScreen.storyboard */ = {
			isa = PBXVariantGroup;
			children = (
				C62365ED247D6AD20015F20D /* Base */,
			);
			name = LaunchScreen.storyboard;
			sourceTree = "<group>";
		};
/* End PBXVariantGroup section */

/* Begin XCBuildConfiguration section */
		C62365F0247D6AD20015F20D /* Debug */ = {
			isa = XCBuildConfiguration;
			buildSettings = {
				ALWAYS_SEARCH_USER_PATHS = NO;
				CLANG_ANALYZER_NONNULL = YES;
				CLANG_ANALYZER_NUMBER_OBJECT_CONVERSION = YES_AGGRESSIVE;
				CLANG_CXX_LANGUAGE_STANDARD = "gnu++14";
				CLANG_CXX_LIBRARY = "libc++";
				CLANG_ENABLE_MODULES = YES;
				CLANG_ENABLE_OBJC_ARC = YES;
				CLANG_ENABLE_OBJC_WEAK = YES;
				CLANG_WARN_BLOCK_CAPTURE_AUTORELEASING = YES;
				CLANG_WARN_BOOL_CONVERSION = YES;
				CLANG_WARN_COMMA = YES;
				CLANG_WARN_CONSTANT_CONVERSION = YES;
				CLANG_WARN_DEPRECATED_OBJC_IMPLEMENTATIONS = YES;
				CLANG_WARN_DIRECT_OBJC_ISA_USAGE = YES_ERROR;
				CLANG_WARN_DOCUMENTATION_COMMENTS = YES;
				CLANG_WARN_EMPTY_BODY = YES;
				CLANG_WARN_ENUM_CONVERSION = YES;
				CLANG_WARN_INFINITE_RECURSION = YES;
				CLANG_WARN_INT_CONVERSION = YES;
				CLANG_WARN_NON_LITERAL_NULL_CONVERSION = YES;
				CLANG_WARN_OBJC_IMPLICIT_RETAIN_SELF = YES;
				CLANG_WARN_OBJC_LITERAL_CONVERSION = YES;
				CLANG_WARN_OBJC_ROOT_CLASS = YES_ERROR;
				CLANG_WARN_RANGE_LOOP_ANALYSIS = YES;
				CLANG_WARN_STRICT_PROTOTYPES = YES;
				CLANG_WARN_SUSPICIOUS_MOVE = YES;
				CLANG_WARN_UNGUARDED_AVAILABILITY = YES_AGGRESSIVE;
				CLANG_WARN_UNREACHABLE_CODE = YES;
				CLANG_WARN__DUPLICATE_METHOD_MATCH = YES;
				COPY_PHASE_STRIP = NO;
				DEBUG_INFORMATION_FORMAT = dwarf;
				ENABLE_STRICT_OBJC_MSGSEND = YES;
				ENABLE_TESTABILITY = YES;
				GCC_C_LANGUAGE_STANDARD = gnu11;
				GCC_DYNAMIC_NO_PIC = NO;
				GCC_NO_COMMON_BLOCKS = YES;
				GCC_OPTIMIZATION_LEVEL = 0;
				GCC_PREPROCESSOR_DEFINITIONS = (
					"DEBUG=1",
					"$(inherited)",
				);
				GCC_WARN_64_TO_32_BIT_CONVERSION = YES;
				GCC_WARN_ABOUT_RETURN_TYPE = YES_ERROR;
				GCC_WARN_UNDECLARED_SELECTOR = YES;
				GCC_WARN_UNINITIALIZED_AUTOS = YES_AGGRESSIVE;
				GCC_WARN_UNUSED_FUNCTION = YES;
				GCC_WARN_UNUSED_VARIABLE = YES;
				IPHONEOS_DEPLOYMENT_TARGET = 13.4;
				MTL_ENABLE_DEBUG_INFO = INCLUDE_SOURCE;
				MTL_FAST_MATH = YES;
				ONLY_ACTIVE_ARCH = YES;
				SDKROOT = iphoneos;
				SWIFT_ACTIVE_COMPILATION_CONDITIONS = DEBUG;
				SWIFT_OPTIMIZATION_LEVEL = "-Onone";
			};
			name = Debug;
		};
		C62365F1247D6AD20015F20D /* Release */ = {
			isa = XCBuildConfiguration;
			buildSettings = {
				ALWAYS_SEARCH_USER_PATHS = NO;
				CLANG_ANALYZER_NONNULL = YES;
				CLANG_ANALYZER_NUMBER_OBJECT_CONVERSION = YES_AGGRESSIVE;
				CLANG_CXX_LANGUAGE_STANDARD = "gnu++14";
				CLANG_CXX_LIBRARY = "libc++";
				CLANG_ENABLE_MODULES = YES;
				CLANG_ENABLE_OBJC_ARC = YES;
				CLANG_ENABLE_OBJC_WEAK = YES;
				CLANG_WARN_BLOCK_CAPTURE_AUTORELEASING = YES;
				CLANG_WARN_BOOL_CONVERSION = YES;
				CLANG_WARN_COMMA = YES;
				CLANG_WARN_CONSTANT_CONVERSION = YES;
				CLANG_WARN_DEPRECATED_OBJC_IMPLEMENTATIONS = YES;
				CLANG_WARN_DIRECT_OBJC_ISA_USAGE = YES_ERROR;
				CLANG_WARN_DOCUMENTATION_COMMENTS = YES;
				CLANG_WARN_EMPTY_BODY = YES;
				CLANG_WARN_ENUM_CONVERSION = YES;
				CLANG_WARN_INFINITE_RECURSION = YES;
				CLANG_WARN_INT_CONVERSION = YES;
				CLANG_WARN_NON_LITERAL_NULL_CONVERSION = YES;
				CLANG_WARN_OBJC_IMPLICIT_RETAIN_SELF = YES;
				CLANG_WARN_OBJC_LITERAL_CONVERSION = YES;
				CLANG_WARN_OBJC_ROOT_CLASS = YES_ERROR;
				CLANG_WARN_RANGE_LOOP_ANALYSIS = YES;
				CLANG_WARN_STRICT_PROTOTYPES = YES;
				CLANG_WARN_SUSPICIOUS_MOVE = YES;
				CLANG_WARN_UNGUARDED_AVAILABILITY = YES_AGGRESSIVE;
				CLANG_WARN_UNREACHABLE_CODE = YES;
				CLANG_WARN__DUPLICATE_METHOD_MATCH = YES;
				COPY_PHASE_STRIP = NO;
				DEBUG_INFORMATION_FORMAT = "dwarf-with-dsym";
				ENABLE_NS_ASSERTIONS = NO;
				ENABLE_STRICT_OBJC_MSGSEND = YES;
				GCC_C_LANGUAGE_STANDARD = gnu11;
				GCC_NO_COMMON_BLOCKS = YES;
				GCC_WARN_64_TO_32_BIT_CONVERSION = YES;
				GCC_WARN_ABOUT_RETURN_TYPE = YES_ERROR;
				GCC_WARN_UNDECLARED_SELECTOR = YES;
				GCC_WARN_UNINITIALIZED_AUTOS = YES_AGGRESSIVE;
				GCC_WARN_UNUSED_FUNCTION = YES;
				GCC_WARN_UNUSED_VARIABLE = YES;
				IPHONEOS_DEPLOYMENT_TARGET = 13.4;
				MTL_ENABLE_DEBUG_INFO = NO;
				MTL_FAST_MATH = YES;
				SDKROOT = iphoneos;
				SWIFT_COMPILATION_MODE = wholemodule;
				SWIFT_OPTIMIZATION_LEVEL = "-O";
				VALIDATE_PRODUCT = YES;
			};
			name = Release;
		};
		C62365F3247D6AD20015F20D /* Debug */ = {
			isa = XCBuildConfiguration;
			buildSettings = {
				ASSETCATALOG_COMPILER_APPICON_NAME = AppIcon;
				CODE_SIGN_STYLE = Automatic;
				DEVELOPMENT_TEAM = H3MRF55H66;
				INFOPLIST_FILE = "$(SRCROOT)/WeatherApp/SupportFiles/Info.plist";
				LD_RUNPATH_SEARCH_PATHS = (
					"$(inherited)",
					"@executable_path/Frameworks",
				);
				PRODUCT_BUNDLE_IDENTIFIER = "abedalkareem-omreyh.WeatherApp";
				PRODUCT_NAME = "$(TARGET_NAME)";
				SWIFT_VERSION = 5.0;
				TARGETED_DEVICE_FAMILY = "1,2";
			};
			name = Debug;
		};
		C62365F4247D6AD20015F20D /* Release */ = {
			isa = XCBuildConfiguration;
			buildSettings = {
				ASSETCATALOG_COMPILER_APPICON_NAME = AppIcon;
				CODE_SIGN_STYLE = Automatic;
				DEVELOPMENT_TEAM = H3MRF55H66;
				INFOPLIST_FILE = "$(SRCROOT)/WeatherApp/SupportFiles/Info.plist";
				LD_RUNPATH_SEARCH_PATHS = (
					"$(inherited)",
					"@executable_path/Frameworks",
				);
				PRODUCT_BUNDLE_IDENTIFIER = "abedalkareem-omreyh.WeatherApp";
				PRODUCT_NAME = "$(TARGET_NAME)";
				SWIFT_VERSION = 5.0;
				TARGETED_DEVICE_FAMILY = "1,2";
			};
			name = Release;
		};
/* End XCBuildConfiguration section */

/* Begin XCConfigurationList section */
		C62365D9247D6AD00015F20D /* Build configuration list for PBXProject "WeatherApp" */ = {
			isa = XCConfigurationList;
			buildConfigurations = (
				C62365F0247D6AD20015F20D /* Debug */,
				C62365F1247D6AD20015F20D /* Release */,
			);
			defaultConfigurationIsVisible = 0;
			defaultConfigurationName = Release;
		};
		C62365F2247D6AD20015F20D /* Build configuration list for PBXNativeTarget "WeatherApp" */ = {
			isa = XCConfigurationList;
			buildConfigurations = (
				C62365F3247D6AD20015F20D /* Debug */,
				C62365F4247D6AD20015F20D /* Release */,
			);
			defaultConfigurationIsVisible = 0;
			defaultConfigurationName = Release;
		};
/* End XCConfigurationList section */
	};
	rootObject = C62365D6247D6AD00015F20D /* Project object */;
}
